// !$*UTF8*$!
{
	archiveVersion = 1;
	classes = {
	};
	objectVersion = 55;
	objects = {

/* Begin PBXBuildFile section */
		F1C425F82B260FF800553DF5 /* AppDelegate.swift in Sources */ = {isa = PBXBuildFile; fileRef = F1C425F72B260FF800553DF5 /* AppDelegate.swift */; };
		F1C425FA2B260FF800553DF5 /* SceneDelegate.swift in Sources */ = {isa = PBXBuildFile; fileRef = F1C425F92B260FF800553DF5 /* SceneDelegate.swift */; };
		F1C425FC2B260FF800553DF5 /* ViewController.swift in Sources */ = {isa = PBXBuildFile; fileRef = F1C425FB2B260FF800553DF5 /* ViewController.swift */; };
		F1C426042B260FFA00553DF5 /* LaunchScreen.storyboard in Resources */ = {isa = PBXBuildFile; fileRef = F1C426022B260FFA00553DF5 /* LaunchScreen.storyboard */; };
		F1C4260F2B260FFA00553DF5 /* twitter_cloneTests.swift in Sources */ = {isa = PBXBuildFile; fileRef = F1C4260E2B260FFA00553DF5 /* twitter_cloneTests.swift */; };
		F1C426192B260FFB00553DF5 /* twitter_cloneUITests.swift in Sources */ = {isa = PBXBuildFile; fileRef = F1C426182B260FFB00553DF5 /* twitter_cloneUITests.swift */; };
		F1C4261B2B260FFB00553DF5 /* twitter_cloneUITestsLaunchTests.swift in Sources */ = {isa = PBXBuildFile; fileRef = F1C4261A2B260FFB00553DF5 /* twitter_cloneUITestsLaunchTests.swift */; };
		F1C426292B2616F400553DF5 /* SnapKit in Frameworks */ = {isa = PBXBuildFile; productRef = F1C426282B2616F400553DF5 /* SnapKit */; };
		F1C4262B2B26197200553DF5 /* Assets.xcassets in Resources */ = {isa = PBXBuildFile; fileRef = F1C4262A2B26197200553DF5 /* Assets.xcassets */; };
		F1C4262E2B26D08800553DF5 /* SnapKit in Frameworks */ = {isa = PBXBuildFile; productRef = F1C4262D2B26D08800553DF5 /* SnapKit */; };
		F1C8D0F52B274E0300F7C59E /* TableViewCell.swift in Sources */ = {isa = PBXBuildFile; fileRef = F1C8D0F42B274E0300F7C59E /* TableViewCell.swift */; };
/* End PBXBuildFile section */

/* Begin PBXContainerItemProxy section */
		F1C4260B2B260FFA00553DF5 /* PBXContainerItemProxy */ = {
			isa = PBXContainerItemProxy;
			containerPortal = F1C425EC2B260FF800553DF5 /* Project object */;
			proxyType = 1;
			remoteGlobalIDString = F1C425F32B260FF800553DF5;
			remoteInfo = "twitter clone";
		};
		F1C426152B260FFB00553DF5 /* PBXContainerItemProxy */ = {
			isa = PBXContainerItemProxy;
			containerPortal = F1C425EC2B260FF800553DF5 /* Project object */;
			proxyType = 1;
			remoteGlobalIDString = F1C425F32B260FF800553DF5;
			remoteInfo = "twitter clone";
		};
/* End PBXContainerItemProxy section */

/* Begin PBXFileReference section */
		F1C425F42B260FF800553DF5 /* twitter clone.app */ = {isa = PBXFileReference; explicitFileType = wrapper.application; includeInIndex = 0; path = "twitter clone.app"; sourceTree = BUILT_PRODUCTS_DIR; };
		F1C425F72B260FF800553DF5 /* AppDelegate.swift */ = {isa = PBXFileReference; lastKnownFileType = sourcecode.swift; path = AppDelegate.swift; sourceTree = "<group>"; };
		F1C425F92B260FF800553DF5 /* SceneDelegate.swift */ = {isa = PBXFileReference; lastKnownFileType = sourcecode.swift; path = SceneDelegate.swift; sourceTree = "<group>"; };
		F1C425FB2B260FF800553DF5 /* ViewController.swift */ = {isa = PBXFileReference; lastKnownFileType = sourcecode.swift; path = ViewController.swift; sourceTree = "<group>"; };
		F1C426032B260FFA00553DF5 /* Base */ = {isa = PBXFileReference; lastKnownFileType = file.storyboard; name = Base; path = Base.lproj/LaunchScreen.storyboard; sourceTree = "<group>"; };
		F1C426052B260FFA00553DF5 /* Info.plist */ = {isa = PBXFileReference; lastKnownFileType = text.plist.xml; path = Info.plist; sourceTree = "<group>"; };
		F1C4260A2B260FFA00553DF5 /* twitter cloneTests.xctest */ = {isa = PBXFileReference; explicitFileType = wrapper.cfbundle; includeInIndex = 0; path = "twitter cloneTests.xctest"; sourceTree = BUILT_PRODUCTS_DIR; };
		F1C4260E2B260FFA00553DF5 /* twitter_cloneTests.swift */ = {isa = PBXFileReference; lastKnownFileType = sourcecode.swift; path = twitter_cloneTests.swift; sourceTree = "<group>"; };
		F1C426142B260FFB00553DF5 /* twitter cloneUITests.xctest */ = {isa = PBXFileReference; explicitFileType = wrapper.cfbundle; includeInIndex = 0; path = "twitter cloneUITests.xctest"; sourceTree = BUILT_PRODUCTS_DIR; };
		F1C426182B260FFB00553DF5 /* twitter_cloneUITests.swift */ = {isa = PBXFileReference; lastKnownFileType = sourcecode.swift; path = twitter_cloneUITests.swift; sourceTree = "<group>"; };
		F1C4261A2B260FFB00553DF5 /* twitter_cloneUITestsLaunchTests.swift */ = {isa = PBXFileReference; lastKnownFileType = sourcecode.swift; path = twitter_cloneUITestsLaunchTests.swift; sourceTree = "<group>"; };
		F1C4262A2B26197200553DF5 /* Assets.xcassets */ = {isa = PBXFileReference; lastKnownFileType = folder.assetcatalog; path = Assets.xcassets; sourceTree = "<group>"; };
		F1C8D0F42B274E0300F7C59E /* TableViewCell.swift */ = {isa = PBXFileReference; lastKnownFileType = sourcecode.swift; path = TableViewCell.swift; sourceTree = "<group>"; };
/* End PBXFileReference section */

/* Begin PBXFrameworksBuildPhase section */
		F1C425F12B260FF800553DF5 /* Frameworks */ = {
			isa = PBXFrameworksBuildPhase;
			buildActionMask = 2147483647;
			files = (
				F1C426292B2616F400553DF5 /* SnapKit in Frameworks */,
				F1C4262E2B26D08800553DF5 /* SnapKit in Frameworks */,
			);
			runOnlyForDeploymentPostprocessing = 0;
		};
		F1C426072B260FFA00553DF5 /* Frameworks */ = {
			isa = PBXFrameworksBuildPhase;
			buildActionMask = 2147483647;
			files = (
			);
			runOnlyForDeploymentPostprocessing = 0;
		};
		F1C426112B260FFB00553DF5 /* Frameworks */ = {
			isa = PBXFrameworksBuildPhase;
			buildActionMask = 2147483647;
			files = (
			);
			runOnlyForDeploymentPostprocessing = 0;
		};
/* End PBXFrameworksBuildPhase section */

/* Begin PBXGroup section */
		F1C425EB2B260FF800553DF5 = {
			isa = PBXGroup;
			children = (
				F1C425F62B260FF800553DF5 /* twitter clone */,
				F1C4260D2B260FFA00553DF5 /* twitter cloneTests */,
				F1C426172B260FFB00553DF5 /* twitter cloneUITests */,
				F1C425F52B260FF800553DF5 /* Products */,
			);
			sourceTree = "<group>";
		};
		F1C425F52B260FF800553DF5 /* Products */ = {
			isa = PBXGroup;
			children = (
				F1C425F42B260FF800553DF5 /* twitter clone.app */,
				F1C4260A2B260FFA00553DF5 /* twitter cloneTests.xctest */,
				F1C426142B260FFB00553DF5 /* twitter cloneUITests.xctest */,
			);
			name = Products;
			sourceTree = "<group>";
		};
		F1C425F62B260FF800553DF5 /* twitter clone */ = {
			isa = PBXGroup;
			children = (
				F1C425F72B260FF800553DF5 /* AppDelegate.swift */,
				F1C425F92B260FF800553DF5 /* SceneDelegate.swift */,
				F1C4262A2B26197200553DF5 /* Assets.xcassets */,
				F1C425FB2B260FF800553DF5 /* ViewController.swift */,
				F1C426022B260FFA00553DF5 /* LaunchScreen.storyboard */,
				F1C426052B260FFA00553DF5 /* Info.plist */,
				F1C8D0F42B274E0300F7C59E /* TableViewCell.swift */,
			);
			path = "twitter clone";
			sourceTree = "<group>";
		};
		F1C4260D2B260FFA00553DF5 /* twitter cloneTests */ = {
			isa = PBXGroup;
			children = (
				F1C4260E2B260FFA00553DF5 /* twitter_cloneTests.swift */,
			);
			path = "twitter cloneTests";
			sourceTree = "<group>";
		};
		F1C426172B260FFB00553DF5 /* twitter cloneUITests */ = {
			isa = PBXGroup;
			children = (
				F1C426182B260FFB00553DF5 /* twitter_cloneUITests.swift */,
				F1C4261A2B260FFB00553DF5 /* twitter_cloneUITestsLaunchTests.swift */,
			);
			path = "twitter cloneUITests";
			sourceTree = "<group>";
		};
/* End PBXGroup section */

/* Begin PBXNativeTarget section */
		F1C425F32B260FF800553DF5 /* twitter clone */ = {
			isa = PBXNativeTarget;
			buildConfigurationList = F1C4261E2B260FFB00553DF5 /* Build configuration list for PBXNativeTarget "twitter clone" */;
			buildPhases = (
				F1C425F02B260FF800553DF5 /* Sources */,
				F1C425F12B260FF800553DF5 /* Frameworks */,
				F1C425F22B260FF800553DF5 /* Resources */,
			);
			buildRules = (
			);
			dependencies = (
			);
			name = "twitter clone";
			packageProductDependencies = (
				F1C426282B2616F400553DF5 /* SnapKit */,
				F1C4262D2B26D08800553DF5 /* SnapKit */,
			);
			productName = "twitter clone";
			productReference = F1C425F42B260FF800553DF5 /* twitter clone.app */;
			productType = "com.apple.product-type.application";
		};
		F1C426092B260FFA00553DF5 /* twitter cloneTests */ = {
			isa = PBXNativeTarget;
			buildConfigurationList = F1C426212B260FFB00553DF5 /* Build configuration list for PBXNativeTarget "twitter cloneTests" */;
			buildPhases = (
				F1C426062B260FFA00553DF5 /* Sources */,
				F1C426072B260FFA00553DF5 /* Frameworks */,
				F1C426082B260FFA00553DF5 /* Resources */,
			);
			buildRules = (
			);
			dependencies = (
				F1C4260C2B260FFA00553DF5 /* PBXTargetDependency */,
			);
			name = "twitter cloneTests";
			productName = "twitter cloneTests";
			productReference = F1C4260A2B260FFA00553DF5 /* twitter cloneTests.xctest */;
			productType = "com.apple.product-type.bundle.unit-test";
		};
		F1C426132B260FFB00553DF5 /* twitter cloneUITests */ = {
			isa = PBXNativeTarget;
			buildConfigurationList = F1C426242B260FFB00553DF5 /* Build configuration list for PBXNativeTarget "twitter cloneUITests" */;
			buildPhases = (
				F1C426102B260FFB00553DF5 /* Sources */,
				F1C426112B260FFB00553DF5 /* Frameworks */,
				F1C426122B260FFB00553DF5 /* Resources */,
			);
			buildRules = (
			);
			dependencies = (
				F1C426162B260FFB00553DF5 /* PBXTargetDependency */,
			);
			name = "twitter cloneUITests";
			productName = "twitter cloneUITests";
			productReference = F1C426142B260FFB00553DF5 /* twitter cloneUITests.xctest */;
			productType = "com.apple.product-type.bundle.ui-testing";
		};
/* End PBXNativeTarget section */

/* Begin PBXProject section */
		F1C425EC2B260FF800553DF5 /* Project object */ = {
			isa = PBXProject;
			attributes = {
				BuildIndependentTargetsInParallel = 1;
				LastSwiftUpdateCheck = 1330;
				LastUpgradeCheck = 1330;
				TargetAttributes = {
					F1C425F32B260FF800553DF5 = {
						CreatedOnToolsVersion = 13.3;
					};
					F1C426092B260FFA00553DF5 = {
						CreatedOnToolsVersion = 13.3;
						TestTargetID = F1C425F32B260FF800553DF5;
					};
					F1C426132B260FFB00553DF5 = {
						CreatedOnToolsVersion = 13.3;
						TestTargetID = F1C425F32B260FF800553DF5;
					};
				};
			};
			buildConfigurationList = F1C425EF2B260FF800553DF5 /* Build configuration list for PBXProject "twitter clone" */;
			compatibilityVersion = "Xcode 13.0";
			developmentRegion = en;
			hasScannedForEncodings = 0;
			knownRegions = (
				en,
				Base,
			);
			mainGroup = F1C425EB2B260FF800553DF5;
			packageReferences = (
				F1C426272B2616F400553DF5 /* XCRemoteSwiftPackageReference "SnapKit" */,
				F1C4262C2B26D08800553DF5 /* XCRemoteSwiftPackageReference "SnapKit" */,
			);
			productRefGroup = F1C425F52B260FF800553DF5 /* Products */;
			projectDirPath = "";
			projectRoot = "";
			targets = (
				F1C425F32B260FF800553DF5 /* twitter clone */,
				F1C426092B260FFA00553DF5 /* twitter cloneTests */,
				F1C426132B260FFB00553DF5 /* twitter cloneUITests */,
			);
		};
/* End PBXProject section */

/* Begin PBXResourcesBuildPhase section */
		F1C425F22B260FF800553DF5 /* Resources */ = {
			isa = PBXResourcesBuildPhase;
			buildActionMask = 2147483647;
			files = (
				F1C4262B2B26197200553DF5 /* Assets.xcassets in Resources */,
				F1C426042B260FFA00553DF5 /* LaunchScreen.storyboard in Resources */,
			);
			runOnlyForDeploymentPostprocessing = 0;
		};
		F1C426082B260FFA00553DF5 /* Resources */ = {
			isa = PBXResourcesBuildPhase;
			buildActionMask = 2147483647;
			files = (
			);
			runOnlyForDeploymentPostprocessing = 0;
		};
		F1C426122B260FFB00553DF5 /* Resources */ = {
			isa = PBXResourcesBuildPhase;
			buildActionMask = 2147483647;
			files = (
			);
			runOnlyForDeploymentPostprocessing = 0;
		};
/* End PBXResourcesBuildPhase section */

/* Begin PBXSourcesBuildPhase section */
		F1C425F02B260FF800553DF5 /* Sources */ = {
			isa = PBXSourcesBuildPhase;
			buildActionMask = 2147483647;
			files = (
				F1C425FC2B260FF800553DF5 /* ViewController.swift in Sources */,
				F1C8D0F52B274E0300F7C59E /* TableViewCell.swift in Sources */,
				F1C425F82B260FF800553DF5 /* AppDelegate.swift in Sources */,
				F1C425FA2B260FF800553DF5 /* SceneDelegate.swift in Sources */,
			);
			runOnlyForDeploymentPostprocessing = 0;
		};
		F1C426062B260FFA00553DF5 /* Sources */ = {
			isa = PBXSourcesBuildPhase;
			buildActionMask = 2147483647;
			files = (
				F1C4260F2B260FFA00553DF5 /* twitter_cloneTests.swift in Sources */,
			);
			runOnlyForDeploymentPostprocessing = 0;
		};
		F1C426102B260FFB00553DF5 /* Sources */ = {
			isa = PBXSourcesBuildPhase;
			buildActionMask = 2147483647;
			files = (
				F1C4261B2B260FFB00553DF5 /* twitter_cloneUITestsLaunchTests.swift in Sources */,
				F1C426192B260FFB00553DF5 /* twitter_cloneUITests.swift in Sources */,
			);
			runOnlyForDeploymentPostprocessing = 0;
		};
/* End PBXSourcesBuildPhase section */

/* Begin PBXTargetDependency section */
		F1C4260C2B260FFA00553DF5 /* PBXTargetDependency */ = {
			isa = PBXTargetDependency;
			target = F1C425F32B260FF800553DF5 /* twitter clone */;
			targetProxy = F1C4260B2B260FFA00553DF5 /* PBXContainerItemProxy */;
		};
		F1C426162B260FFB00553DF5 /* PBXTargetDependency */ = {
			isa = PBXTargetDependency;
			target = F1C425F32B260FF800553DF5 /* twitter clone */;
			targetProxy = F1C426152B260FFB00553DF5 /* PBXContainerItemProxy */;
		};
/* End PBXTargetDependency section */

/* Begin PBXVariantGroup section */
		F1C426022B260FFA00553DF5 /* LaunchScreen.storyboard */ = {
			isa = PBXVariantGroup;
			children = (
				F1C426032B260FFA00553DF5 /* Base */,
			);
			name = LaunchScreen.storyboard;
			sourceTree = "<group>";
		};
/* End PBXVariantGroup section */

/* Begin XCBuildConfiguration section */
		F1C4261C2B260FFB00553DF5 /* Debug */ = {
			isa = XCBuildConfiguration;
			buildSettings = {
				ALWAYS_SEARCH_USER_PATHS = NO;
				CLANG_ANALYZER_NONNULL = YES;
				CLANG_ANALYZER_NUMBER_OBJECT_CONVERSION = YES_AGGRESSIVE;
				CLANG_CXX_LANGUAGE_STANDARD = "gnu++17";
				CLANG_ENABLE_MODULES = YES;
				CLANG_ENABLE_OBJC_ARC = YES;
				CLANG_ENABLE_OBJC_WEAK = YES;
				CLANG_WARN_BLOCK_CAPTURE_AUTORELEASING = YES;
				CLANG_WARN_BOOL_CONVERSION = YES;
				CLANG_WARN_COMMA = YES;
				CLANG_WARN_CONSTANT_CONVERSION = YES;
				CLANG_WARN_DEPRECATED_OBJC_IMPLEMENTATIONS = YES;
				CLANG_WARN_DIRECT_OBJC_ISA_USAGE = YES_ERROR;
				CLANG_WARN_DOCUMENTATION_COMMENTS = YES;
				CLANG_WARN_EMPTY_BODY = YES;
				CLANG_WARN_ENUM_CONVERSION = YES;
				CLANG_WARN_INFINITE_RECURSION = YES;
				CLANG_WARN_INT_CONVERSION = YES;
				CLANG_WARN_NON_LITERAL_NULL_CONVERSION = YES;
				CLANG_WARN_OBJC_IMPLICIT_RETAIN_SELF = YES;
				CLANG_WARN_OBJC_LITERAL_CONVERSION = YES;
				CLANG_WARN_OBJC_ROOT_CLASS = YES_ERROR;
				CLANG_WARN_QUOTED_INCLUDE_IN_FRAMEWORK_HEADER = YES;
				CLANG_WARN_RANGE_LOOP_ANALYSIS = YES;
				CLANG_WARN_STRICT_PROTOTYPES = YES;
				CLANG_WARN_SUSPICIOUS_MOVE = YES;
				CLANG_WARN_UNGUARDED_AVAILABILITY = YES_AGGRESSIVE;
				CLANG_WARN_UNREACHABLE_CODE = YES;
				CLANG_WARN__DUPLICATE_METHOD_MATCH = YES;
				COPY_PHASE_STRIP = NO;
				DEBUG_INFORMATION_FORMAT = dwarf;
				ENABLE_STRICT_OBJC_MSGSEND = YES;
				ENABLE_TESTABILITY = YES;
				GCC_C_LANGUAGE_STANDARD = gnu11;
				GCC_DYNAMIC_NO_PIC = NO;
				GCC_NO_COMMON_BLOCKS = YES;
				GCC_OPTIMIZATION_LEVEL = 0;
				GCC_PREPROCESSOR_DEFINITIONS = (
					"DEBUG=1",
					"$(inherited)",
				);
				GCC_WARN_64_TO_32_BIT_CONVERSION = YES;
				GCC_WARN_ABOUT_RETURN_TYPE = YES_ERROR;
				GCC_WARN_UNDECLARED_SELECTOR = YES;
				GCC_WARN_UNINITIALIZED_AUTOS = YES_AGGRESSIVE;
				GCC_WARN_UNUSED_FUNCTION = YES;
				GCC_WARN_UNUSED_VARIABLE = YES;
				IPHONEOS_DEPLOYMENT_TARGET = 15.4;
				MTL_ENABLE_DEBUG_INFO = INCLUDE_SOURCE;
				MTL_FAST_MATH = YES;
				ONLY_ACTIVE_ARCH = YES;
				SDKROOT = iphoneos;
				SWIFT_ACTIVE_COMPILATION_CONDITIONS = DEBUG;
				SWIFT_OPTIMIZATION_LEVEL = "-Onone";
			};
			name = Debug;
		};
		F1C4261D2B260FFB00553DF5 /* Release */ = {
			isa = XCBuildConfiguration;
			buildSettings = {
				ALWAYS_SEARCH_USER_PATHS = NO;
				CLANG_ANALYZER_NONNULL = YES;
				CLANG_ANALYZER_NUMBER_OBJECT_CONVERSION = YES_AGGRESSIVE;
				CLANG_CXX_LANGUAGE_STANDARD = "gnu++17";
				CLANG_ENABLE_MODULES = YES;
				CLANG_ENABLE_OBJC_ARC = YES;
				CLANG_ENABLE_OBJC_WEAK = YES;
				CLANG_WARN_BLOCK_CAPTURE_AUTORELEASING = YES;
				CLANG_WARN_BOOL_CONVERSION = YES;
				CLANG_WARN_COMMA = YES;
				CLANG_WARN_CONSTANT_CONVERSION = YES;
				CLANG_WARN_DEPRECATED_OBJC_IMPLEMENTATIONS = YES;
				CLANG_WARN_DIRECT_OBJC_ISA_USAGE = YES_ERROR;
				CLANG_WARN_DOCUMENTATION_COMMENTS = YES;
				CLANG_WARN_EMPTY_BODY = YES;
				CLANG_WARN_ENUM_CONVERSION = YES;
				CLANG_WARN_INFINITE_RECURSION = YES;
				CLANG_WARN_INT_CONVERSION = YES;
				CLANG_WARN_NON_LITERAL_NULL_CONVERSION = YES;
				CLANG_WARN_OBJC_IMPLICIT_RETAIN_SELF = YES;
				CLANG_WARN_OBJC_LITERAL_CONVERSION = YES;
				CLANG_WARN_OBJC_ROOT_CLASS = YES_ERROR;
				CLANG_WARN_QUOTED_INCLUDE_IN_FRAMEWORK_HEADER = YES;
				CLANG_WARN_RANGE_LOOP_ANALYSIS = YES;
				CLANG_WARN_STRICT_PROTOTYPES = YES;
				CLANG_WARN_SUSPICIOUS_MOVE = YES;
				CLANG_WARN_UNGUARDED_AVAILABILITY = YES_AGGRESSIVE;
				CLANG_WARN_UNREACHABLE_CODE = YES;
				CLANG_WARN__DUPLICATE_METHOD_MATCH = YES;
				COPY_PHASE_STRIP = NO;
				DEBUG_INFORMATION_FORMAT = "dwarf-with-dsym";
				ENABLE_NS_ASSERTIONS = NO;
				ENABLE_STRICT_OBJC_MSGSEND = YES;
				GCC_C_LANGUAGE_STANDARD = gnu11;
				GCC_NO_COMMON_BLOCKS = YES;
				GCC_WARN_64_TO_32_BIT_CONVERSION = YES;
				GCC_WARN_ABOUT_RETURN_TYPE = YES_ERROR;
				GCC_WARN_UNDECLARED_SELECTOR = YES;
				GCC_WARN_UNINITIALIZED_AUTOS = YES_AGGRESSIVE;
				GCC_WARN_UNUSED_FUNCTION = YES;
				GCC_WARN_UNUSED_VARIABLE = YES;
				IPHONEOS_DEPLOYMENT_TARGET = 15.4;
				MTL_ENABLE_DEBUG_INFO = NO;
				MTL_FAST_MATH = YES;
				SDKROOT = iphoneos;
				SWIFT_COMPILATION_MODE = wholemodule;
				SWIFT_OPTIMIZATION_LEVEL = "-O";
				VALIDATE_PRODUCT = YES;
			};
			name = Release;
		};
		F1C4261F2B260FFB00553DF5 /* Debug */ = {
			isa = XCBuildConfiguration;
			buildSettings = {
				ASSETCATALOG_COMPILER_APPICON_NAME = AppIcon;
				ASSETCATALOG_COMPILER_GLOBAL_ACCENT_COLOR_NAME = AccentColor;
				CODE_SIGN_STYLE = Automatic;
				CURRENT_PROJECT_VERSION = 1;
				DEVELOPMENT_TEAM = SC3QX38AKG;
				GENERATE_INFOPLIST_FILE = YES;
				INFOPLIST_FILE = "twitter clone/Info.plist";
				INFOPLIST_KEY_UIApplicationSupportsIndirectInputEvents = YES;
				INFOPLIST_KEY_UILaunchStoryboardName = LaunchScreen;
				INFOPLIST_KEY_UISupportedInterfaceOrientations_iPad = "UIInterfaceOrientationPortrait UIInterfaceOrientationPortraitUpsideDown UIInterfaceOrientationLandscapeLeft UIInterfaceOrientationLandscapeRight";
				INFOPLIST_KEY_UISupportedInterfaceOrientations_iPhone = "UIInterfaceOrientationPortrait UIInterfaceOrientationLandscapeLeft UIInterfaceOrientationLandscapeRight";
				LD_RUNPATH_SEARCH_PATHS = (
					"$(inherited)",
					"@executable_path/Frameworks",
				);
				MARKETING_VERSION = 1.0;
				PRODUCT_BUNDLE_IDENTIFIER = "com.devslopes.twitter-clone";
				PRODUCT_NAME = "$(TARGET_NAME)";
				SWIFT_EMIT_LOC_STRINGS = YES;
				SWIFT_VERSION = 5.0;
				TARGETED_DEVICE_FAMILY = "1,2";
			};
			name = Debug;
		};
		F1C426202B260FFB00553DF5 /* Release */ = {
			isa = XCBuildConfiguration;
			buildSettings = {
				ASSETCATALOG_COMPILER_APPICON_NAME = AppIcon;
				ASSETCATALOG_COMPILER_GLOBAL_ACCENT_COLOR_NAME = AccentColor;
				CODE_SIGN_STYLE = Automatic;
				CURRENT_PROJECT_VERSION = 1;
				DEVELOPMENT_TEAM = SC3QX38AKG;
				GENERATE_INFOPLIST_FILE = YES;
				INFOPLIST_FILE = "twitter clone/Info.plist";
				INFOPLIST_KEY_UIApplicationSupportsIndirectInputEvents = YES;
				INFOPLIST_KEY_UILaunchStoryboardName = LaunchScreen;
				INFOPLIST_KEY_UISupportedInterfaceOrientations_iPad = "UIInterfaceOrientationPortrait UIInterfaceOrientationPortraitUpsideDown UIInterfaceOrientationLandscapeLeft UIInterfaceOrientationLandscapeRight";
				INFOPLIST_KEY_UISupportedInterfaceOrientations_iPhone = "UIInterfaceOrientationPortrait UIInterfaceOrientationLandscapeLeft UIInterfaceOrientationLandscapeRight";
				LD_RUNPATH_SEARCH_PATHS = (
					"$(inherited)",
					"@executable_path/Frameworks",
				);
				MARKETING_VERSION = 1.0;
				PRODUCT_BUNDLE_IDENTIFIER = "com.devslopes.twitter-clone";
				PRODUCT_NAME = "$(TARGET_NAME)";
				SWIFT_EMIT_LOC_STRINGS = YES;
				SWIFT_VERSION = 5.0;
				TARGETED_DEVICE_FAMILY = "1,2";
			};
			name = Release;
		};
		F1C426222B260FFB00553DF5 /* Debug */ = {
			isa = XCBuildConfiguration;
			buildSettings = {
				ALWAYS_EMBED_SWIFT_STANDARD_LIBRARIES = YES;
				BUNDLE_LOADER = "$(TEST_HOST)";
				CODE_SIGN_STYLE = Automatic;
				CURRENT_PROJECT_VERSION = 1;
				DEVELOPMENT_TEAM = SC3QX38AKG;
				GENERATE_INFOPLIST_FILE = YES;
				IPHONEOS_DEPLOYMENT_TARGET = 15.4;
				MARKETING_VERSION = 1.0;
				PRODUCT_BUNDLE_IDENTIFIER = "com.devslopes.twitter-cloneTests";
				PRODUCT_NAME = "$(TARGET_NAME)";
				SWIFT_EMIT_LOC_STRINGS = NO;
				SWIFT_VERSION = 5.0;
				TARGETED_DEVICE_FAMILY = "1,2";
				TEST_HOST = "$(BUILT_PRODUCTS_DIR)/twitter clone.app/twitter clone";
			};
			name = Debug;
		};
		F1C426232B260FFB00553DF5 /* Release */ = {
			isa = XCBuildConfiguration;
			buildSettings = {
				ALWAYS_EMBED_SWIFT_STANDARD_LIBRARIES = YES;
				BUNDLE_LOADER = "$(TEST_HOST)";
				CODE_SIGN_STYLE = Automatic;
				CURRENT_PROJECT_VERSION = 1;
				DEVELOPMENT_TEAM = SC3QX38AKG;
				GENERATE_INFOPLIST_FILE = YES;
				IPHONEOS_DEPLOYMENT_TARGET = 15.4;
				MARKETING_VERSION = 1.0;
				PRODUCT_BUNDLE_IDENTIFIER = "com.devslopes.twitter-cloneTests";
				PRODUCT_NAME = "$(TARGET_NAME)";
				SWIFT_EMIT_LOC_STRINGS = NO;
				SWIFT_VERSION = 5.0;
				TARGETED_DEVICE_FAMILY = "1,2";
				TEST_HOST = "$(BUILT_PRODUCTS_DIR)/twitter clone.app/twitter clone";
			};
			name = Release;
		};
		F1C426252B260FFB00553DF5 /* Debug */ = {
			isa = XCBuildConfiguration;
			buildSettings = {
				ALWAYS_EMBED_SWIFT_STANDARD_LIBRARIES = YES;
				CODE_SIGN_STYLE = Automatic;
				CURRENT_PROJECT_VERSION = 1;
				DEVELOPMENT_TEAM = SC3QX38AKG;
				GENERATE_INFOPLIST_FILE = YES;
				MARKETING_VERSION = 1.0;
				PRODUCT_BUNDLE_IDENTIFIER = "com.devslopes.twitter-cloneUITests";
				PRODUCT_NAME = "$(TARGET_NAME)";
				SWIFT_EMIT_LOC_STRINGS = NO;
				SWIFT_VERSION = 5.0;
				TARGETED_DEVICE_FAMILY = "1,2";
				TEST_TARGET_NAME = "twitter clone";
			};
			name = Debug;
		};
		F1C426262B260FFB00553DF5 /* Release */ = {
			isa = XCBuildConfiguration;
			buildSettings = {
				ALWAYS_EMBED_SWIFT_STANDARD_LIBRARIES = YES;
				CODE_SIGN_STYLE = Automatic;
				CURRENT_PROJECT_VERSION = 1;
				DEVELOPMENT_TEAM = SC3QX38AKG;
				GENERATE_INFOPLIST_FILE = YES;
				MARKETING_VERSION = 1.0;
				PRODUCT_BUNDLE_IDENTIFIER = "com.devslopes.twitter-cloneUITests";
				PRODUCT_NAME = "$(TARGET_NAME)";
				SWIFT_EMIT_LOC_STRINGS = NO;
				SWIFT_VERSION = 5.0;
				TARGETED_DEVICE_FAMILY = "1,2";
				TEST_TARGET_NAME = "twitter clone";
			};
			name = Release;
		};
/* End XCBuildConfiguration section */

/* Begin XCConfigurationList section */
		F1C425EF2B260FF800553DF5 /* Build configuration list for PBXProject "twitter clone" */ = {
			isa = XCConfigurationList;
			buildConfigurations = (
				F1C4261C2B260FFB00553DF5 /* Debug */,
				F1C4261D2B260FFB00553DF5 /* Release */,
			);
			defaultConfigurationIsVisible = 0;
			defaultConfigurationName = Release;
		};
		F1C4261E2B260FFB00553DF5 /* Build configuration list for PBXNativeTarget "twitter clone" */ = {
			isa = XCConfigurationList;
			buildConfigurations = (
				F1C4261F2B260FFB00553DF5 /* Debug */,
				F1C426202B260FFB00553DF5 /* Release */,
			);
			defaultConfigurationIsVisible = 0;
			defaultConfigurationName = Release;
		};
		F1C426212B260FFB00553DF5 /* Build configuration list for PBXNativeTarget "twitter cloneTests" */ = {
			isa = XCConfigurationList;
			buildConfigurations = (
				F1C426222B260FFB00553DF5 /* Debug */,
				F1C426232B260FFB00553DF5 /* Release */,
			);
			defaultConfigurationIsVisible = 0;
			defaultConfigurationName = Release;
		};
		F1C426242B260FFB00553DF5 /* Build configuration list for PBXNativeTarget "twitter cloneUITests" */ = {
			isa = XCConfigurationList;
			buildConfigurations = (
				F1C426252B260FFB00553DF5 /* Debug */,
				F1C426262B260FFB00553DF5 /* Release */,
			);
			defaultConfigurationIsVisible = 0;
			defaultConfigurationName = Release;
		};
/* End XCConfigurationList section */

/* Begin XCRemoteSwiftPackageReference section */
		F1C426272B2616F400553DF5 /* XCRemoteSwiftPackageReference "SnapKit" */ = {
			isa = XCRemoteSwiftPackageReference;
			repositoryURL = "https://github.com/SnapKit/SnapKit.git";
			requirement = {
				branch = develop;
				kind = branch;
			};
		};
		F1C4262C2B26D08800553DF5 /* XCRemoteSwiftPackageReference "SnapKit" */ = {
			isa = XCRemoteSwiftPackageReference;
			repositoryURL = "https://github.com/SnapKit/SnapKit.git";
			requirement = {
				branch = develop;
				kind = branch;
			};
		};
/* End XCRemoteSwiftPackageReference section */

/* Begin XCSwiftPackageProductDependency section */
		F1C426282B2616F400553DF5 /* SnapKit */ = {
			isa = XCSwiftPackageProductDependency;
			package = F1C426272B2616F400553DF5 /* XCRemoteSwiftPackageReference "SnapKit" */;
			productName = SnapKit;
		};
		F1C4262D2B26D08800553DF5 /* SnapKit */ = {
			isa = XCSwiftPackageProductDependency;
			package = F1C426272B2616F400553DF5 /* XCRemoteSwiftPackageReference "SnapKit" */;
			productName = SnapKit;
		};
/* End XCSwiftPackageProductDependency section */
	};
	rootObject = F1C425EC2B260FF800553DF5 /* Project object */;
}
